{
    "requires": true,
    "lockfileVersion": 1,
    "dependencies": {
        "@fullcalendar/common": {
            "version": "5.5.0",
            "resolved": "https://registry.npmjs.org/@fullcalendar/common/-/common-5.5.0.tgz",
            "integrity": "sha512-xHsHRI2xnC4vDPdRaOkt03SGIEsmlcSTI6RVInI2PQKi3n4otgM4ej3WL4B010uT4IzrBlUvNm8HHEo/o3g8Ug==",
            "requires": {
                "ical.js": "^1.4.0",
                "tslib": "^2.0.3"
            }
        },
        "@fullcalendar/core": {
            "version": "5.5.0",
            "resolved": "https://registry.npmjs.org/@fullcalendar/core/-/core-5.5.0.tgz",
            "integrity": "sha512-NHyrH6AP1zRRCWsK0NuY/bZFQes1UaGB2pukMv86A0Yq1BI7Y7m9u/yH7D0/ZCaNkCLVxrSlIwAOtMQxPPITdg==",
            "requires": {
                "@fullcalendar/common": "~5.5.0",
                "preact": "^10.0.5",
                "tslib": "^2.0.3"
            }
        },
        "@fullcalendar/daygrid": {
            "version": "5.5.0",
            "resolved": "https://registry.npmjs.org/@fullcalendar/daygrid/-/daygrid-5.5.0.tgz",
            "integrity": "sha512-O/59C3ihElLsPnkjlD1xUgAf3v7WEARXVO+wZfASKtK14Ccux2MA9mWUA1+80m9q8on7SYL36ORhrea7GKy/qQ==",
            "requires": {
                "@fullcalendar/common": "~5.5.0",
                "tslib": "^2.0.3"
            }
        },
        "ical.js": {
            "version": "1.4.0",
            "resolved": "https://registry.npmjs.org/ical.js/-/ical.js-1.4.0.tgz",
            "integrity": "sha512-ltHZuOFNNjcyEYbzDgjemS7LWIFh2vydJeznxQHUh3dnarbxqOYsWONYteBVAq1MEOHnwXFGN2eskZReHclnrA=="
        },
        "preact": {
            "version": "10.5.7",
            "resolved": "https://registry.npmjs.org/preact/-/preact-10.5.7.tgz",
            "integrity": "sha512-4oEpz75t/0UNcwmcsjk+BIcDdk68oao+7kxcpc1hQPNs2Oo3ZL9xFz8UBf350mxk/VEdD41L5b4l2dE3Ug3RYg=="
        },
        "tslib": {
            "version": "2.0.3",
            "resolved": "https://registry.npmjs.org/tslib/-/tslib-2.0.3.tgz",
            "integrity": "sha512-uZtkfKblCEQtZKBF6EBXVZeQNl82yqtDQdv+eck8u7tdPxjLu2/lp5/uPW+um2tpuxINHWy3GhiccY7QgEaVHQ=="
        }
    }
}
